
Microsoft Visual Studio Solution File, Format Version 12.00
# Visual Studio Version 16
VisualStudioVersion = 16.0.29926.136
MinimumVisualStudioVersion = 10.0.40219.1
Project("{FAE04EC0-301F-11D3-BF4B-00C04F79EFBC}") = "L43", "L43\L43.csproj", "{769ECEC1-F2CB-4EAA-B66E-92B5453501EA}"
EndProject
Global
	GlobalSection(SolutionConfigurationPlatforms) = preSolution
		Debug|Any CPU = Debug|Any CPU
		Release|Any CPU = Release|Any CPU
	EndGlobalSection
	GlobalSection(ProjectConfigurationPlatforms) = postSolution
		{769ECEC1-F2CB-4EAA-B66E-92B5453501EA}.Debug|Any CPU.ActiveCfg = Debug|Any CPU
		{769ECEC1-F2CB-4EAA-B66E-92B5453501EA}.Debug|Any CPU.Build.0 = Debug|Any CPU
		{769ECEC1-F2CB-4EAA-B66E-92B5453501EA}.Release|Any CPU.ActiveCfg = Release|Any CPU
		{769ECEC1-F2CB-4EAA-B66E-92B5453501EA}.Release|Any CPU.Build.0 = Release|Any CPU
	EndGlobalSection
	GlobalSection(SolutionProperties) = preSolution
		HideSolutionNode = FALSE
	EndGlobalSection
	GlobalSection(ExtensibilityGlobals) = postSolution
		SolutionGuid = {B7777C9C-CFEA-416B-83BC-E0D8810B5CD3}
	EndGlobalSection
EndGlobal
